
Microsoft Visual Studio Solution File, Format Version 12.00
# Visual Studio Version 17
VisualStudioVersion = 17.14.36301.6
MinimumVisualStudioVersion = 10.0.40219.1
Project("{FAE04EC0-301F-11D3-BF4B-00C04F79EFBC}") = "EventBusNet", "EventBusNet\EventBusNet.csproj", "{3DC4BA0F-ABE0-49F1-90E9-4EC4DB39EE7B}"
EndProject
Project("{FAE04EC0-301F-11D3-BF4B-00C04F79EFBC}") = "EventBusNet.Benchmark", "EventBusNet.Benchmark\EventBusNet.Benchmark.csproj", "{06B975F7-432E-4A2E-AEFC-6ECAFA83166F}"
EndProject
Project("{2150E333-8FDC-42A3-9474-1A3956D46DE8}") = "docs", "docs", "{02EA681E-C7D8-13C7-8484-4AC65E1B71E8}"
	ProjectSection(SolutionItems) = preProject
		README.md = README.md
	EndProjectSection
EndProject
Project("{FAE04EC0-301F-11D3-BF4B-00C04F79EFBC}") = "EventBusNet.Demo", "EventBusNet.Demo\EventBusNet.Demo.csproj", "{91AD54D7-A169-4D85-8425-0D364E0EF61E}"
EndProject
Global
	GlobalSection(SolutionConfigurationPlatforms) = preSolution
		Debug|Any CPU = Debug|Any CPU
		Release|Any CPU = Release|Any CPU
	EndGlobalSection
	GlobalSection(ProjectConfigurationPlatforms) = postSolution
		{3DC4BA0F-ABE0-49F1-90E9-4EC4DB39EE7B}.Debug|Any CPU.ActiveCfg = Debug|Any CPU
		{3DC4BA0F-ABE0-49F1-90E9-4EC4DB39EE7B}.Debug|Any CPU.Build.0 = Debug|Any CPU
		{3DC4BA0F-ABE0-49F1-90E9-4EC4DB39EE7B}.Release|Any CPU.ActiveCfg = Release|Any CPU
		{3DC4BA0F-ABE0-49F1-90E9-4EC4DB39EE7B}.Release|Any CPU.Build.0 = Release|Any CPU
		{06B975F7-432E-4A2E-AEFC-6ECAFA83166F}.Debug|Any CPU.ActiveCfg = Debug|Any CPU
		{06B975F7-432E-4A2E-AEFC-6ECAFA83166F}.Debug|Any CPU.Build.0 = Debug|Any CPU
		{06B975F7-432E-4A2E-AEFC-6ECAFA83166F}.Release|Any CPU.ActiveCfg = Release|Any CPU
		{06B975F7-432E-4A2E-AEFC-6ECAFA83166F}.Release|Any CPU.Build.0 = Release|Any CPU
		{91AD54D7-A169-4D85-8425-0D364E0EF61E}.Debug|Any CPU.ActiveCfg = Debug|Any CPU
		{91AD54D7-A169-4D85-8425-0D364E0EF61E}.Debug|Any CPU.Build.0 = Debug|Any CPU
		{91AD54D7-A169-4D85-8425-0D364E0EF61E}.Release|Any CPU.ActiveCfg = Release|Any CPU
		{91AD54D7-A169-4D85-8425-0D364E0EF61E}.Release|Any CPU.Build.0 = Release|Any CPU
	EndGlobalSection
	GlobalSection(SolutionProperties) = preSolution
		HideSolutionNode = FALSE
	EndGlobalSection
	GlobalSection(ExtensibilityGlobals) = postSolution
		SolutionGuid = {63B6AB88-9D85-4DAE-B326-941577B2913A}
	EndGlobalSection
EndGlobal
